
Microsoft Visual Studio Solution File, Format Version 12.00
# Visual Studio 2013
VisualStudioVersion = 12.0.40629.0
MinimumVisualStudioVersion = 10.0.40219.1
Project("{8BC9CEB8-8B4A-11D0-8D11-00A0C91BC942}") = "MovieSeparator", "MovieSeparator\MovieSeparator.vcxproj", "{BB209488-F2D4-4B81-AD09-C8A776FF5154}"
EndProject
Project("{8BC9CEB8-8B4A-11D0-8D11-00A0C91BC942}") = "MovieSeparatorByCut", "MovieSeparatorByCut\MovieSeparatorByCut.vcxproj", "{8E1EA4A3-A6A4-42BD-9F30-05014722EEBE}"
EndProject
Project("{8BC9CEB8-8B4A-11D0-8D11-00A0C91BC942}") = "ConvertLineImage", "ConvertLineImage\ConvertLineImage.vcxproj", "{10B5BAFF-F976-4F5A-8B56-EAADD0FB66EC}"
EndProject
Project("{8BC9CEB8-8B4A-11D0-8D11-00A0C91BC942}") = "ConvertImage2GravisbellDataSet", "ConvertImage2GravisbellDataSet\ConvertImage2GravisbellDataSet.vcxproj", "{5D38C4B6-E1C0-4AA6-9FBF-507894F787D1}"
EndProject
Project("{8BC9CEB8-8B4A-11D0-8D11-00A0C91BC942}") = "ChooseUseImage", "ChooseUseImage\ChooseUseImage.vcxproj", "{03E8BDCC-A80D-441C-8474-6C6AE725F006}"
EndProject
Project("{8BC9CEB8-8B4A-11D0-8D11-00A0C91BC942}") = "ConvertGravisbellDataSet2Image", "ConvertGravisbellDataSet2Image\ConvertGravisbellDataSet2Image.vcxproj", "{412158C8-3E2B-4DD5-9D5A-BA6BC0F391B7}"
EndProject
Project("{8BC9CEB8-8B4A-11D0-8D11-00A0C91BC942}") = "ResizeAndCutImage", "ResizeAndCutImage\ResizeAndCutImage.vcxproj", "{7551DB04-174C-4E30-9254-EC83FD216F86}"
EndProject
Global
	GlobalSection(SolutionConfigurationPlatforms) = preSolution
		Debug|Win32 = Debug|Win32
		Release|Win32 = Release|Win32
	EndGlobalSection
	GlobalSection(ProjectConfigurationPlatforms) = postSolution
		{BB209488-F2D4-4B81-AD09-C8A776FF5154}.Debug|Win32.ActiveCfg = Debug|Win32
		{BB209488-F2D4-4B81-AD09-C8A776FF5154}.Debug|Win32.Build.0 = Debug|Win32
		{BB209488-F2D4-4B81-AD09-C8A776FF5154}.Release|Win32.ActiveCfg = Release|Win32
		{BB209488-F2D4-4B81-AD09-C8A776FF5154}.Release|Win32.Build.0 = Release|Win32
		{8E1EA4A3-A6A4-42BD-9F30-05014722EEBE}.Debug|Win32.ActiveCfg = Debug|Win32
		{8E1EA4A3-A6A4-42BD-9F30-05014722EEBE}.Debug|Win32.Build.0 = Debug|Win32
		{8E1EA4A3-A6A4-42BD-9F30-05014722EEBE}.Release|Win32.ActiveCfg = Release|Win32
		{8E1EA4A3-A6A4-42BD-9F30-05014722EEBE}.Release|Win32.Build.0 = Release|Win32
		{10B5BAFF-F976-4F5A-8B56-EAADD0FB66EC}.Debug|Win32.ActiveCfg = Debug|Win32
		{10B5BAFF-F976-4F5A-8B56-EAADD0FB66EC}.Debug|Win32.Build.0 = Debug|Win32
		{10B5BAFF-F976-4F5A-8B56-EAADD0FB66EC}.Release|Win32.ActiveCfg = Release|Win32
		{10B5BAFF-F976-4F5A-8B56-EAADD0FB66EC}.Release|Win32.Build.0 = Release|Win32
		{5D38C4B6-E1C0-4AA6-9FBF-507894F787D1}.Debug|Win32.ActiveCfg = Debug|Win32
		{5D38C4B6-E1C0-4AA6-9FBF-507894F787D1}.Debug|Win32.Build.0 = Debug|Win32
		{5D38C4B6-E1C0-4AA6-9FBF-507894F787D1}.Release|Win32.ActiveCfg = Release|Win32
		{5D38C4B6-E1C0-4AA6-9FBF-507894F787D1}.Release|Win32.Build.0 = Release|Win32
		{03E8BDCC-A80D-441C-8474-6C6AE725F006}.Debug|Win32.ActiveCfg = Debug|Win32
		{03E8BDCC-A80D-441C-8474-6C6AE725F006}.Debug|Win32.Build.0 = Debug|Win32
		{03E8BDCC-A80D-441C-8474-6C6AE725F006}.Release|Win32.ActiveCfg = Release|Win32
		{03E8BDCC-A80D-441C-8474-6C6AE725F006}.Release|Win32.Build.0 = Release|Win32
		{412158C8-3E2B-4DD5-9D5A-BA6BC0F391B7}.Debug|Win32.ActiveCfg = Debug|Win32
		{412158C8-3E2B-4DD5-9D5A-BA6BC0F391B7}.Debug|Win32.Build.0 = Debug|Win32
		{412158C8-3E2B-4DD5-9D5A-BA6BC0F391B7}.Release|Win32.ActiveCfg = Release|Win32
		{412158C8-3E2B-4DD5-9D5A-BA6BC0F391B7}.Release|Win32.Build.0 = Release|Win32
		{7551DB04-174C-4E30-9254-EC83FD216F86}.Debug|Win32.ActiveCfg = Debug|Win32
		{7551DB04-174C-4E30-9254-EC83FD216F86}.Debug|Win32.Build.0 = Debug|Win32
		{7551DB04-174C-4E30-9254-EC83FD216F86}.Release|Win32.ActiveCfg = Release|Win32
		{7551DB04-174C-4E30-9254-EC83FD216F86}.Release|Win32.Build.0 = Release|Win32
	EndGlobalSection
	GlobalSection(SolutionProperties) = preSolution
		HideSolutionNode = FALSE
	EndGlobalSection
EndGlobal
